// !$*UTF8*$!
{
	archiveVersion = 1;
	classes = {
	};
	objectVersion = 46;
	objects = {

/* Begin PBXBuildFile section */
		AE3BDED11A894C3200C39A29 /* AppDelegate.swift in Sources */ = {isa = PBXBuildFile; fileRef = AE3BDED01A894C3200C39A29 /* AppDelegate.swift */; };
		AE3BDED31A894C3200C39A29 /* ViewController.swift in Sources */ = {isa = PBXBuildFile; fileRef = AE3BDED21A894C3200C39A29 /* ViewController.swift */; };
		AE3BDED61A894C3200C39A29 /* Main.storyboard in Resources */ = {isa = PBXBuildFile; fileRef = AE3BDED41A894C3200C39A29 /* Main.storyboard */; };
		AE3BDED81A894C3200C39A29 /* Images.xcassets in Resources */ = {isa = PBXBuildFile; fileRef = AE3BDED71A894C3200C39A29 /* Images.xcassets */; };
		AE3BDEDB1A894C3200C39A29 /* LaunchScreen.xib in Resources */ = {isa = PBXBuildFile; fileRef = AE3BDED91A894C3200C39A29 /* LaunchScreen.xib */; };
		AE3BDEF91A894C6400C39A29 /* InterfaceController.swift in Sources */ = {isa = PBXBuildFile; fileRef = AE3BDEF81A894C6400C39A29 /* InterfaceController.swift */; };
		AE3BDEFB1A894C6400C39A29 /* Images.xcassets in Resources */ = {isa = PBXBuildFile; fileRef = AE3BDEFA1A894C6400C39A29 /* Images.xcassets */; };
		AE3BDEFF1A894C6400C39A29 /* WatchKitSettingsBundle WatchKit App.app in Resources */ = {isa = PBXBuildFile; fileRef = AE3BDEFE1A894C6400C39A29 /* WatchKitSettingsBundle WatchKit App.app */; };
		AE3BDF071A894C6400C39A29 /* Interface.storyboard in Resources */ = {isa = PBXBuildFile; fileRef = AE3BDF051A894C6400C39A29 /* Interface.storyboard */; };
		AE3BDF091A894C6400C39A29 /* Images.xcassets in Resources */ = {isa = PBXBuildFile; fileRef = AE3BDF081A894C6400C39A29 /* Images.xcassets */; };
		AE3BDF0C1A894C6400C39A29 /* WatchKitSettingsBundle WatchKit Extension.appex in Embed App Extensions */ = {isa = PBXBuildFile; fileRef = AE3BDEF41A894C6400C39A29 /* WatchKitSettingsBundle WatchKit Extension.appex */; settings = {ATTRIBUTES = (RemoveHeadersOnCopy, ); }; };
		AE3BDF151A894C7500C39A29 /* Settings-Watch.bundle in Resources */ = {isa = PBXBuildFile; fileRef = AE3BDF141A894C7500C39A29 /* Settings-Watch.bundle */; };
/* End PBXBuildFile section */

/* Begin PBXContainerItemProxy section */
		AE3BDF001A894C6400C39A29 /* PBXContainerItemProxy */ = {
			isa = PBXContainerItemProxy;
			containerPortal = AE3BDEC31A894C3100C39A29 /* Project object */;
			proxyType = 1;
			remoteGlobalIDString = AE3BDEFD1A894C6400C39A29;
			remoteInfo = "WatchKitSettingsBundle WatchKit App";
		};
		AE3BDF0A1A894C6400C39A29 /* PBXContainerItemProxy */ = {
			isa = PBXContainerItemProxy;
			containerPortal = AE3BDEC31A894C3100C39A29 /* Project object */;
			proxyType = 1;
			remoteGlobalIDString = AE3BDEF31A894C6400C39A29;
			remoteInfo = "WatchKitSettingsBundle WatchKit Extension";
		};
/* End PBXContainerItemProxy section */

/* Begin PBXCopyFilesBuildPhase section */
		AE3BDF131A894C6400C39A29 /* Embed App Extensions */ = {
			isa = PBXCopyFilesBuildPhase;
			buildActionMask = 2147483647;
			dstPath = "";
			dstSubfolderSpec = 13;
			files = (
				AE3BDF0C1A894C6400C39A29 /* WatchKitSettingsBundle WatchKit Extension.appex in Embed App Extensions */,
			);
			name = "Embed App Extensions";
			runOnlyForDeploymentPostprocessing = 0;
		};
/* End PBXCopyFilesBuildPhase section */

/* Begin PBXFileReference section */
		AE3BDECB1A894C3200C39A29 /* WatchKitSettingsBundle.app */ = {isa = PBXFileReference; explicitFileType = wrapper.application; includeInIndex = 0; path = WatchKitSettingsBundle.app; sourceTree = BUILT_PRODUCTS_DIR; };
		AE3BDECF1A894C3200C39A29 /* Info.plist */ = {isa = PBXFileReference; lastKnownFileType = text.plist.xml; path = Info.plist; sourceTree = "<group>"; };
		AE3BDED01A894C3200C39A29 /* AppDelegate.swift */ = {isa = PBXFileReference; lastKnownFileType = sourcecode.swift; path = AppDelegate.swift; sourceTree = "<group>"; };
		AE3BDED21A894C3200C39A29 /* ViewController.swift */ = {isa = PBXFileReference; lastKnownFileType = sourcecode.swift; path = ViewController.swift; sourceTree = "<group>"; };
		AE3BDED51A894C3200C39A29 /* Base */ = {isa = PBXFileReference; lastKnownFileType = file.storyboard; name = Base; path = Base.lproj/Main.storyboard; sourceTree = "<group>"; };
		AE3BDED71A894C3200C39A29 /* Images.xcassets */ = {isa = PBXFileReference; lastKnownFileType = folder.assetcatalog; path = Images.xcassets; sourceTree = "<group>"; };
		AE3BDEDA1A894C3200C39A29 /* Base */ = {isa = PBXFileReference; lastKnownFileType = file.xib; name = Base; path = Base.lproj/LaunchScreen.xib; sourceTree = "<group>"; };
		AE3BDEF41A894C6400C39A29 /* WatchKitSettingsBundle WatchKit Extension.appex */ = {isa = PBXFileReference; explicitFileType = "wrapper.app-extension"; includeInIndex = 0; path = "WatchKitSettingsBundle WatchKit Extension.appex"; sourceTree = BUILT_PRODUCTS_DIR; };
		AE3BDEF71A894C6400C39A29 /* Info.plist */ = {isa = PBXFileReference; lastKnownFileType = text.plist.xml; path = Info.plist; sourceTree = "<group>"; };
		AE3BDEF81A894C6400C39A29 /* InterfaceController.swift */ = {isa = PBXFileReference; lastKnownFileType = sourcecode.swift; path = InterfaceController.swift; sourceTree = "<group>"; };
		AE3BDEFA1A894C6400C39A29 /* Images.xcassets */ = {isa = PBXFileReference; lastKnownFileType = folder.assetcatalog; path = Images.xcassets; sourceTree = "<group>"; };
		AE3BDEFE1A894C6400C39A29 /* WatchKitSettingsBundle WatchKit App.app */ = {isa = PBXFileReference; explicitFileType = wrapper.application; includeInIndex = 0; path = "WatchKitSettingsBundle WatchKit App.app"; sourceTree = BUILT_PRODUCTS_DIR; };
		AE3BDF041A894C6400C39A29 /* Info.plist */ = {isa = PBXFileReference; lastKnownFileType = text.plist.xml; path = Info.plist; sourceTree = "<group>"; };
		AE3BDF061A894C6400C39A29 /* Base */ = {isa = PBXFileReference; lastKnownFileType = file.storyboard; name = Base; path = Base.lproj/Interface.storyboard; sourceTree = "<group>"; };
		AE3BDF081A894C6400C39A29 /* Images.xcassets */ = {isa = PBXFileReference; lastKnownFileType = folder.assetcatalog; path = Images.xcassets; sourceTree = "<group>"; };
		AE3BDF141A894C7500C39A29 /* Settings-Watch.bundle */ = {isa = PBXFileReference; lastKnownFileType = "wrapper.plug-in"; path = "Settings-Watch.bundle"; sourceTree = "<group>"; };
		AE3BDF161A894C8C00C39A29 /* WatchKitSettingsBundle.entitlements */ = {isa = PBXFileReference; lastKnownFileType = text.xml; path = WatchKitSettingsBundle.entitlements; sourceTree = "<group>"; };
		AED0A2AF1A8959C8003E0731 /* WatchKitSettingsBundle WatchKit Extension.entitlements */ = {isa = PBXFileReference; lastKnownFileType = text.xml; path = "WatchKitSettingsBundle WatchKit Extension.entitlements"; sourceTree = "<group>"; };
/* End PBXFileReference section */

/* Begin PBXFrameworksBuildPhase section */
		AE3BDEC81A894C3200C39A29 /* Frameworks */ = {
			isa = PBXFrameworksBuildPhase;
			buildActionMask = 2147483647;
			files = (
			);
			runOnlyForDeploymentPostprocessing = 0;
		};
		AE3BDEF11A894C6400C39A29 /* Frameworks */ = {
			isa = PBXFrameworksBuildPhase;
			buildActionMask = 2147483647;
			files = (
			);
			runOnlyForDeploymentPostprocessing = 0;
		};
/* End PBXFrameworksBuildPhase section */

/* Begin PBXGroup section */
		AE3BDEC21A894C3100C39A29 = {
			isa = PBXGroup;
			children = (
				AE3BDECD1A894C3200C39A29 /* WatchKitSettingsBundle */,
				AE3BDEF51A894C6400C39A29 /* WatchKitSettingsBundle WatchKit Extension */,
				AE3BDF021A894C6400C39A29 /* WatchKitSettingsBundle WatchKit App */,
				AE3BDECC1A894C3200C39A29 /* Products */,
			);
			sourceTree = "<group>";
		};
		AE3BDECC1A894C3200C39A29 /* Products */ = {
			isa = PBXGroup;
			children = (
				AE3BDECB1A894C3200C39A29 /* WatchKitSettingsBundle.app */,
				AE3BDEF41A894C6400C39A29 /* WatchKitSettingsBundle WatchKit Extension.appex */,
				AE3BDEFE1A894C6400C39A29 /* WatchKitSettingsBundle WatchKit App.app */,
			);
			name = Products;
			sourceTree = "<group>";
		};
		AE3BDECD1A894C3200C39A29 /* WatchKitSettingsBundle */ = {
			isa = PBXGroup;
			children = (
				AE3BDF161A894C8C00C39A29 /* WatchKitSettingsBundle.entitlements */,
				AE3BDED01A894C3200C39A29 /* AppDelegate.swift */,
				AE3BDED21A894C3200C39A29 /* ViewController.swift */,
				AE3BDF141A894C7500C39A29 /* Settings-Watch.bundle */,
				AE3BDED41A894C3200C39A29 /* Main.storyboard */,
				AE3BDED71A894C3200C39A29 /* Images.xcassets */,
				AE3BDED91A894C3200C39A29 /* LaunchScreen.xib */,
				AE3BDECE1A894C3200C39A29 /* Supporting Files */,
			);
			path = WatchKitSettingsBundle;
			sourceTree = "<group>";
		};
		AE3BDECE1A894C3200C39A29 /* Supporting Files */ = {
			isa = PBXGroup;
			children = (
				AE3BDECF1A894C3200C39A29 /* Info.plist */,
			);
			name = "Supporting Files";
			sourceTree = "<group>";
		};
		AE3BDEF51A894C6400C39A29 /* WatchKitSettingsBundle WatchKit Extension */ = {
			isa = PBXGroup;
			children = (
				AED0A2AF1A8959C8003E0731 /* WatchKitSettingsBundle WatchKit Extension.entitlements */,
				AE3BDEF81A894C6400C39A29 /* InterfaceController.swift */,
				AE3BDEFA1A894C6400C39A29 /* Images.xcassets */,
				AE3BDEF61A894C6400C39A29 /* Supporting Files */,
			);
			path = "WatchKitSettingsBundle WatchKit Extension";
			sourceTree = "<group>";
		};
		AE3BDEF61A894C6400C39A29 /* Supporting Files */ = {
			isa = PBXGroup;
			children = (
				AE3BDEF71A894C6400C39A29 /* Info.plist */,
			);
			name = "Supporting Files";
			sourceTree = "<group>";
		};
		AE3BDF021A894C6400C39A29 /* WatchKitSettingsBundle WatchKit App */ = {
			isa = PBXGroup;
			children = (
				AE3BDF051A894C6400C39A29 /* Interface.storyboard */,
				AE3BDF081A894C6400C39A29 /* Images.xcassets */,
				AE3BDF031A894C6400C39A29 /* Supporting Files */,
			);
			path = "WatchKitSettingsBundle WatchKit App";
			sourceTree = "<group>";
		};
		AE3BDF031A894C6400C39A29 /* Supporting Files */ = {
			isa = PBXGroup;
			children = (
				AE3BDF041A894C6400C39A29 /* Info.plist */,
			);
			name = "Supporting Files";
			sourceTree = "<group>";
		};
/* End PBXGroup section */

/* Begin PBXNativeTarget section */
		AE3BDECA1A894C3200C39A29 /* WatchKitSettingsBundle */ = {
			isa = PBXNativeTarget;
			buildConfigurationList = AE3BDEEA1A894C3200C39A29 /* Build configuration list for PBXNativeTarget "WatchKitSettingsBundle" */;
			buildPhases = (
				AE3BDEC71A894C3200C39A29 /* Sources */,
				AE3BDEC81A894C3200C39A29 /* Frameworks */,
				AE3BDEC91A894C3200C39A29 /* Resources */,
				AE3BDF131A894C6400C39A29 /* Embed App Extensions */,
			);
			buildRules = (
			);
			dependencies = (
				AE3BDF0B1A894C6400C39A29 /* PBXTargetDependency */,
			);
			name = WatchKitSettingsBundle;
			productName = WatchKitSettingsBundle;
			productReference = AE3BDECB1A894C3200C39A29 /* WatchKitSettingsBundle.app */;
			productType = "com.apple.product-type.application";
		};
		AE3BDEF31A894C6400C39A29 /* WatchKitSettingsBundle WatchKit Extension */ = {
			isa = PBXNativeTarget;
			buildConfigurationList = AE3BDF101A894C6400C39A29 /* Build configuration list for PBXNativeTarget "WatchKitSettingsBundle WatchKit Extension" */;
			buildPhases = (
				AE3BDEF01A894C6400C39A29 /* Sources */,
				AE3BDEF11A894C6400C39A29 /* Frameworks */,
				AE3BDEF21A894C6400C39A29 /* Resources */,
			);
			buildRules = (
			);
			dependencies = (
				AE3BDF011A894C6400C39A29 /* PBXTargetDependency */,
			);
			name = "WatchKitSettingsBundle WatchKit Extension";
			productName = "WatchKitSettingsBundle WatchKit Extension";
			productReference = AE3BDEF41A894C6400C39A29 /* WatchKitSettingsBundle WatchKit Extension.appex */;
			productType = "com.apple.product-type.watchkit-extension";
		};
		AE3BDEFD1A894C6400C39A29 /* WatchKitSettingsBundle WatchKit App */ = {
			isa = PBXNativeTarget;
			buildConfigurationList = AE3BDF0D1A894C6400C39A29 /* Build configuration list for PBXNativeTarget "WatchKitSettingsBundle WatchKit App" */;
			buildPhases = (
				AE3BDEFC1A894C6400C39A29 /* Resources */,
			);
			buildRules = (
			);
			dependencies = (
			);
			name = "WatchKitSettingsBundle WatchKit App";
			productName = "WatchKitSettingsBundle WatchKit App";
			productReference = AE3BDEFE1A894C6400C39A29 /* WatchKitSettingsBundle WatchKit App.app */;
			productType = "com.apple.product-type.application.watchapp";
		};
/* End PBXNativeTarget section */

/* Begin PBXProject section */
		AE3BDEC31A894C3100C39A29 /* Project object */ = {
			isa = PBXProject;
			attributes = {
				LastUpgradeCheck = 0620;
				ORGANIZATIONNAME = "Patrick Balestra";
				TargetAttributes = {
					AE3BDECA1A894C3200C39A29 = {
						CreatedOnToolsVersion = 6.2;
						DevelopmentTeam = VKVDVFQ5UA;
						SystemCapabilities = {
							com.apple.ApplicationGroups.iOS = {
								enabled = 1;
							};
						};
					};
					AE3BDEF31A894C6400C39A29 = {
						CreatedOnToolsVersion = 6.2;
						DevelopmentTeam = VKVDVFQ5UA;
						SystemCapabilities = {
							com.apple.ApplicationGroups.iOS = {
								enabled = 1;
							};
						};
					};
					AE3BDEFD1A894C6400C39A29 = {
						CreatedOnToolsVersion = 6.2;
					};
				};
			};
			buildConfigurationList = AE3BDEC61A894C3100C39A29 /* Build configuration list for PBXProject "WatchKitSettingsBundle" */;
			compatibilityVersion = "Xcode 3.2";
			developmentRegion = English;
			hasScannedForEncodings = 0;
			knownRegions = (
				en,
				Base,
			);
			mainGroup = AE3BDEC21A894C3100C39A29;
			productRefGroup = AE3BDECC1A894C3200C39A29 /* Products */;
			projectDirPath = "";
			projectRoot = "";
			targets = (
				AE3BDECA1A894C3200C39A29 /* WatchKitSettingsBundle */,
				AE3BDEF31A894C6400C39A29 /* WatchKitSettingsBundle WatchKit Extension */,
				AE3BDEFD1A894C6400C39A29 /* WatchKitSettingsBundle WatchKit App */,
			);
		};
/* End PBXProject section */

/* Begin PBXResourcesBuildPhase section */
		AE3BDEC91A894C3200C39A29 /* Resources */ = {
			isa = PBXResourcesBuildPhase;
			buildActionMask = 2147483647;
			files = (
				AE3BDED61A894C3200C39A29 /* Main.storyboard in Resources */,
				AE3BDEDB1A894C3200C39A29 /* LaunchScreen.xib in Resources */,
				AE3BDF151A894C7500C39A29 /* Settings-Watch.bundle in Resources */,
				AE3BDED81A894C3200C39A29 /* Images.xcassets in Resources */,
			);
			runOnlyForDeploymentPostprocessing = 0;
		};
		AE3BDEF21A894C6400C39A29 /* Resources */ = {
			isa = PBXResourcesBuildPhase;
			buildActionMask = 2147483647;
			files = (
				AE3BDEFF1A894C6400C39A29 /* WatchKitSettingsBundle WatchKit App.app in Resources */,
				AE3BDEFB1A894C6400C39A29 /* Images.xcassets in Resources */,
			);
			runOnlyForDeploymentPostprocessing = 0;
		};
		AE3BDEFC1A894C6400C39A29 /* Resources */ = {
			isa = PBXResourcesBuildPhase;
			buildActionMask = 2147483647;
			files = (
				AE3BDF071A894C6400C39A29 /* Interface.storyboard in Resources */,
				AE3BDF091A894C6400C39A29 /* Images.xcassets in Resources */,
			);
			runOnlyForDeploymentPostprocessing = 0;
		};
/* End PBXResourcesBuildPhase section */

/* Begin PBXSourcesBuildPhase section */
		AE3BDEC71A894C3200C39A29 /* Sources */ = {
			isa = PBXSourcesBuildPhase;
			buildActionMask = 2147483647;
			files = (
				AE3BDED31A894C3200C39A29 /* ViewController.swift in Sources */,
				AE3BDED11A894C3200C39A29 /* AppDelegate.swift in Sources */,
			);
			runOnlyForDeploymentPostprocessing = 0;
		};
		AE3BDEF01A894C6400C39A29 /* Sources */ = {
			isa = PBXSourcesBuildPhase;
			buildActionMask = 2147483647;
			files = (
				AE3BDEF91A894C6400C39A29 /* InterfaceController.swift in Sources */,
			);
			runOnlyForDeploymentPostprocessing = 0;
		};
/* End PBXSourcesBuildPhase section */

/* Begin PBXTargetDependency section */
		AE3BDF011A894C6400C39A29 /* PBXTargetDependency */ = {
			isa = PBXTargetDependency;
			target = AE3BDEFD1A894C6400C39A29 /* WatchKitSettingsBundle WatchKit App */;
			targetProxy = AE3BDF001A894C6400C39A29 /* PBXContainerItemProxy */;
		};
		AE3BDF0B1A894C6400C39A29 /* PBXTargetDependency */ = {
			isa = PBXTargetDependency;
			target = AE3BDEF31A894C6400C39A29 /* WatchKitSettingsBundle WatchKit Extension */;
			targetProxy = AE3BDF0A1A894C6400C39A29 /* PBXContainerItemProxy */;
		};
/* End PBXTargetDependency section */

/* Begin PBXVariantGroup section */
		AE3BDED41A894C3200C39A29 /* Main.storyboard */ = {
			isa = PBXVariantGroup;
			children = (
				AE3BDED51A894C3200C39A29 /* Base */,
			);
			name = Main.storyboard;
			sourceTree = "<group>";
		};
		AE3BDED91A894C3200C39A29 /* LaunchScreen.xib */ = {
			isa = PBXVariantGroup;
			children = (
				AE3BDEDA1A894C3200C39A29 /* Base */,
			);
			name = LaunchScreen.xib;
			sourceTree = "<group>";
		};
		AE3BDF051A894C6400C39A29 /* Interface.storyboard */ = {
			isa = PBXVariantGroup;
			children = (
				AE3BDF061A894C6400C39A29 /* Base */,
			);
			name = Interface.storyboard;
			sourceTree = "<group>";
		};
/* End PBXVariantGroup section */

/* Begin XCBuildConfiguration section */
		AE3BDEE81A894C3200C39A29 /* Debug */ = {
			isa = XCBuildConfiguration;
			buildSettings = {
				ALWAYS_SEARCH_USER_PATHS = NO;
				CLANG_CXX_LANGUAGE_STANDARD = "gnu++0x";
				CLANG_CXX_LIBRARY = "libc++";
				CLANG_ENABLE_MODULES = YES;
				CLANG_ENABLE_OBJC_ARC = YES;
				CLANG_WARN_BOOL_CONVERSION = YES;
				CLANG_WARN_CONSTANT_CONVERSION = YES;
				CLANG_WARN_DIRECT_OBJC_ISA_USAGE = YES_ERROR;
				CLANG_WARN_EMPTY_BODY = YES;
				CLANG_WARN_ENUM_CONVERSION = YES;
				CLANG_WARN_INT_CONVERSION = YES;
				CLANG_WARN_OBJC_ROOT_CLASS = YES_ERROR;
				CLANG_WARN_UNREACHABLE_CODE = YES;
				CLANG_WARN__DUPLICATE_METHOD_MATCH = YES;
				"CODE_SIGN_IDENTITY[sdk=iphoneos*]" = "iPhone Developer";
				COPY_PHASE_STRIP = NO;
				ENABLE_STRICT_OBJC_MSGSEND = YES;
				GCC_C_LANGUAGE_STANDARD = gnu99;
				GCC_DYNAMIC_NO_PIC = NO;
				GCC_OPTIMIZATION_LEVEL = 0;
				GCC_PREPROCESSOR_DEFINITIONS = (
					"DEBUG=1",
					"$(inherited)",
				);
				GCC_SYMBOLS_PRIVATE_EXTERN = NO;
				GCC_WARN_64_TO_32_BIT_CONVERSION = YES;
				GCC_WARN_ABOUT_RETURN_TYPE = YES_ERROR;
				GCC_WARN_UNDECLARED_SELECTOR = YES;
				GCC_WARN_UNINITIALIZED_AUTOS = YES_AGGRESSIVE;
				GCC_WARN_UNUSED_FUNCTION = YES;
				GCC_WARN_UNUSED_VARIABLE = YES;
				IPHONEOS_DEPLOYMENT_TARGET = 8.2;
				MTL_ENABLE_DEBUG_INFO = YES;
				ONLY_ACTIVE_ARCH = YES;
				SDKROOT = iphoneos;
				SWIFT_OPTIMIZATION_LEVEL = "-Onone";
			};
			name = Debug;
		};
		AE3BDEE91A894C3200C39A29 /* Release */ = {
			isa = XCBuildConfiguration;
			buildSettings = {
				ALWAYS_SEARCH_USER_PATHS = NO;
				CLANG_CXX_LANGUAGE_STANDARD = "gnu++0x";
				CLANG_CXX_LIBRARY = "libc++";
				CLANG_ENABLE_MODULES = YES;
				CLANG_ENABLE_OBJC_ARC = YES;
				CLANG_WARN_BOOL_CONVERSION = YES;
				CLANG_WARN_CONSTANT_CONVERSION = YES;
				CLANG_WARN_DIRECT_OBJC_ISA_USAGE = YES_ERROR;
				CLANG_WARN_EMPTY_BODY = YES;
				CLANG_WARN_ENUM_CONVERSION = YES;
				CLANG_WARN_INT_CONVERSION = YES;
				CLANG_WARN_OBJC_ROOT_CLASS = YES_ERROR;
				CLANG_WARN_UNREACHABLE_CODE = YES;
				CLANG_WARN__DUPLICATE_METHOD_MATCH = YES;
				"CODE_SIGN_IDENTITY[sdk=iphoneos*]" = "iPhone Developer";
				COPY_PHASE_STRIP = NO;
				ENABLE_NS_ASSERTIONS = NO;
				ENABLE_STRICT_OBJC_MSGSEND = YES;
				GCC_C_LANGUAGE_STANDARD = gnu99;
				GCC_WARN_64_TO_32_BIT_CONVERSION = YES;
				GCC_WARN_ABOUT_RETURN_TYPE = YES_ERROR;
				GCC_WARN_UNDECLARED_SELECTOR = YES;
				GCC_WARN_UNINITIALIZED_AUTOS = YES_AGGRESSIVE;
				GCC_WARN_UNUSED_FUNCTION = YES;
				GCC_WARN_UNUSED_VARIABLE = YES;
				IPHONEOS_DEPLOYMENT_TARGET = 8.2;
				MTL_ENABLE_DEBUG_INFO = NO;
				SDKROOT = iphoneos;
				VALIDATE_PRODUCT = YES;
			};
			name = Release;
		};
		AE3BDEEB1A894C3200C39A29 /* Debug */ = {
			isa = XCBuildConfiguration;
			buildSettings = {
				ASSETCATALOG_COMPILER_APPICON_NAME = AppIcon;
				CODE_SIGN_ENTITLEMENTS = WatchKitSettingsBundle/WatchKitSettingsBundle.entitlements;
				CODE_SIGN_IDENTITY = "iPhone Developer";
				"CODE_SIGN_IDENTITY[sdk=iphoneos*]" = "iPhone Developer";
				EMBEDDED_CONTENT_CONTAINS_SWIFT = YES;
				INFOPLIST_FILE = WatchKitSettingsBundle/Info.plist;
				LD_RUNPATH_SEARCH_PATHS = "$(inherited) @executable_path/Frameworks";
				PRODUCT_NAME = "$(TARGET_NAME)";
				PROVISIONING_PROFILE = "";
			};
			name = Debug;
		};
		AE3BDEEC1A894C3200C39A29 /* Release */ = {
			isa = XCBuildConfiguration;
			buildSettings = {
				ASSETCATALOG_COMPILER_APPICON_NAME = AppIcon;
				CODE_SIGN_ENTITLEMENTS = WatchKitSettingsBundle/WatchKitSettingsBundle.entitlements;
				CODE_SIGN_IDENTITY = "iPhone Developer";
				"CODE_SIGN_IDENTITY[sdk=iphoneos*]" = "iPhone Developer";
				EMBEDDED_CONTENT_CONTAINS_SWIFT = YES;
				INFOPLIST_FILE = WatchKitSettingsBundle/Info.plist;
				LD_RUNPATH_SEARCH_PATHS = "$(inherited) @executable_path/Frameworks";
				PRODUCT_NAME = "$(TARGET_NAME)";
				PROVISIONING_PROFILE = "";
			};
			name = Release;
		};
		AE3BDF0E1A894C6400C39A29 /* Debug */ = {
			isa = XCBuildConfiguration;
			buildSettings = {
				ASSETCATALOG_COMPILER_APPICON_NAME = AppIcon;
				GCC_PREPROCESSOR_DEFINITIONS = (
					"DEBUG=1",
					"$(inherited)",
				);
				IBSC_MODULE = WatchKitSettingsBundle_WatchKit_Extension;
				INFOPLIST_FILE = "WatchKitSettingsBundle WatchKit App/Info.plist";
				PRODUCT_NAME = "$(TARGET_NAME)";
				SKIP_INSTALL = YES;
				TARGETED_DEVICE_FAMILY = 4;
				"TARGETED_DEVICE_FAMILY[sdk=iphonesimulator*]" = "1,4";
			};
			name = Debug;
		};
		AE3BDF0F1A894C6400C39A29 /* Release */ = {
			isa = XCBuildConfiguration;
			buildSettings = {
				ASSETCATALOG_COMPILER_APPICON_NAME = AppIcon;
				IBSC_MODULE = WatchKitSettingsBundle_WatchKit_Extension;
				INFOPLIST_FILE = "WatchKitSettingsBundle WatchKit App/Info.plist";
				PRODUCT_NAME = "$(TARGET_NAME)";
				SKIP_INSTALL = YES;
				TARGETED_DEVICE_FAMILY = 4;
				"TARGETED_DEVICE_FAMILY[sdk=iphonesimulator*]" = "1,4";
			};
			name = Release;
		};
		AE3BDF111A894C6400C39A29 /* Debug */ = {
			isa = XCBuildConfiguration;
			buildSettings = {
				CODE_SIGN_ENTITLEMENTS = "WatchKitSettingsBundle WatchKit Extension/WatchKitSettingsBundle WatchKit Extension.entitlements";
				CODE_SIGN_IDENTITY = "iPhone Developer";
				"CODE_SIGN_IDENTITY[sdk=iphoneos*]" = "iPhone Developer";
				GCC_PREPROCESSOR_DEFINITIONS = (
					"DEBUG=1",
					"$(inherited)",
				);
				INFOPLIST_FILE = "WatchKitSettingsBundle WatchKit Extension/Info.plist";
				LD_RUNPATH_SEARCH_PATHS = "$(inherited) @executable_path/Frameworks @executable_path/../../Frameworks";
				PRODUCT_NAME = "${TARGET_NAME}";
				PROVISIONING_PROFILE = "";
				SKIP_INSTALL = YES;
			};
			name = Debug;
		};
		AE3BDF121A894C6400C39A29 /* Release */ = {
			isa = XCBuildConfiguration;
			buildSettings = {
				CODE_SIGN_ENTITLEMENTS = "WatchKitSettingsBundle WatchKit Extension/WatchKitSettingsBundle WatchKit Extension.entitlements";
				CODE_SIGN_IDENTITY = "iPhone Developer";
				"CODE_SIGN_IDENTITY[sdk=iphoneos*]" = "iPhone Developer";
				INFOPLIST_FILE = "WatchKitSettingsBundle WatchKit Extension/Info.plist";
				LD_RUNPATH_SEARCH_PATHS = "$(inherited) @executable_path/Frameworks @executable_path/../../Frameworks";
				PRODUCT_NAME = "${TARGET_NAME}";
				PROVISIONING_PROFILE = "";
				SKIP_INSTALL = YES;
			};
			name = Release;
		};
/* End XCBuildConfiguration section */

/* Begin XCConfigurationList section */
		AE3BDEC61A894C3100C39A29 /* Build configuration list for PBXProject "WatchKitSettingsBundle" */ = {
			isa = XCConfigurationList;
			buildConfigurations = (
				AE3BDEE81A894C3200C39A29 /* Debug */,
				AE3BDEE91A894C3200C39A29 /* Release */,
			);
			defaultConfigurationIsVisible = 0;
			defaultConfigurationName = Release;
		};
		AE3BDEEA1A894C3200C39A29 /* Build configuration list for PBXNativeTarget "WatchKitSettingsBundle" */ = {
			isa = XCConfigurationList;
			buildConfigurations = (
				AE3BDEEB1A894C3200C39A29 /* Debug */,
				AE3BDEEC1A894C3200C39A29 /* Release */,
			);
			defaultConfigurationIsVisible = 0;
			defaultConfigurationName = Release;
		};
		AE3BDF0D1A894C6400C39A29 /* Build configuration list for PBXNativeTarget "WatchKitSettingsBundle WatchKit App" */ = {
			isa = XCConfigurationList;
			buildConfigurations = (
				AE3BDF0E1A894C6400C39A29 /* Debug */,
				AE3BDF0F1A894C6400C39A29 /* Release */,
			);
			defaultConfigurationIsVisible = 0;
			defaultConfigurationName = Release;
		};
		AE3BDF101A894C6400C39A29 /* Build configuration list for PBXNativeTarget "WatchKitSettingsBundle WatchKit Extension" */ = {
			isa = XCConfigurationList;
			buildConfigurations = (
				AE3BDF111A894C6400C39A29 /* Debug */,
				AE3BDF121A894C6400C39A29 /* Release */,
			);
			defaultConfigurationIsVisible = 0;
			defaultConfigurationName = Release;
		};
/* End XCConfigurationList section */
	};
	rootObject = AE3BDEC31A894C3100C39A29 /* Project object */;
}
